
Microsoft Visual Studio Solution File, Format Version 12.00
# Visual Studio 15
VisualStudioVersion = 15.0.26730.16
MinimumVisualStudioVersion = 10.0.40219.1
Project("{888888A0-9F3D-457C-B088-3A5042F75D52}") = "gxapi", "gxapi.pyproj", "{16320E38-F2CC-45AE-93E2-02996BE20870}"
EndProject
Global
	GlobalSection(SolutionConfigurationPlatforms) = preSolution
		Debug|Any CPU = Debug|Any CPU
		Release|Any CPU = Release|Any CPU
	EndGlobalSection
	GlobalSection(ProjectConfigurationPlatforms) = postSolution
		{16320E38-F2CC-45AE-93E2-02996BE20870}.Debug|Any CPU.ActiveCfg = Debug|Any CPU
		{16320E38-F2CC-45AE-93E2-02996BE20870}.Release|Any CPU.ActiveCfg = Release|Any CPU
	EndGlobalSection
	GlobalSection(SolutionProperties) = preSolution
		HideSolutionNode = FALSE
	EndGlobalSection
	GlobalSection(ExtensibilityGlobals) = postSolution
		SolutionGuid = {BE8B2DC5-DBB9-4795-9C07-E6ABB45A62EB}
	EndGlobalSection
EndGlobal
